// !$*UTF8*$!
{
	archiveVersion = 1;
	classes = {
	};
	objectVersion = 55;
	objects = {

/* Begin PBXBuildFile section */
		FC4DA691276FDF31009AE0E9 /* CatalogViewController.swift in Sources */ = {isa = PBXBuildFile; fileRef = FC4DA690276FDF31009AE0E9 /* CatalogViewController.swift */; };
		FC4DA6D727701273009AE0E9 /* HomeAndGardenViewController.swift in Sources */ = {isa = PBXBuildFile; fileRef = FC4DA6D627701273009AE0E9 /* HomeAndGardenViewController.swift */; };
		FC83AAA827707FEA0058FDCC /* AuthManager.swift in Sources */ = {isa = PBXBuildFile; fileRef = FC83AAA727707FEA0058FDCC /* AuthManager.swift */; };
		FC83AAAA277083FF0058FDCC /* WelcomeViewController.swift in Sources */ = {isa = PBXBuildFile; fileRef = FC83AAA9277083FF0058FDCC /* WelcomeViewController.swift */; };
		FC83AAAC27708C3C0058FDCC /* AuthViewController.swift in Sources */ = {isa = PBXBuildFile; fileRef = FC83AAAB27708C3C0058FDCC /* AuthViewController.swift */; };
		FC83AAAE277091F80058FDCC /* Extensions.swift in Sources */ = {isa = PBXBuildFile; fileRef = FC83AAAD277091F80058FDCC /* Extensions.swift */; };
		FC935703276D5A4B001A3BA0 /* TrashViewController.swift in Sources */ = {isa = PBXBuildFile; fileRef = FC935702276D5A4B001A3BA0 /* TrashViewController.swift */; };
		FC935705276D5B14001A3BA0 /* TabBarController.swift in Sources */ = {isa = PBXBuildFile; fileRef = FC935704276D5B14001A3BA0 /* TabBarController.swift */; };
		FC935707276D6235001A3BA0 /* HomeViewController.swift in Sources */ = {isa = PBXBuildFile; fileRef = FC935706276D6235001A3BA0 /* HomeViewController.swift */; };
		FC935709276D62B1001A3BA0 /* ExpressViewController.swift in Sources */ = {isa = PBXBuildFile; fileRef = FC935708276D62B1001A3BA0 /* ExpressViewController.swift */; };
		FCAC4CFE276D7BFF00638725 /* MyOzonViewController.swift in Sources */ = {isa = PBXBuildFile; fileRef = FCAC4CFD276D7BFF00638725 /* MyOzonViewController.swift */; };
		FCAC4D00276D7E7F00638725 /* NewItemCell.swift in Sources */ = {isa = PBXBuildFile; fileRef = FCAC4CFF276D7E7F00638725 /* NewItemCell.swift */; };
		FCAC4D02276D896F00638725 /* Item.swift in Sources */ = {isa = PBXBuildFile; fileRef = FCAC4D01276D896F00638725 /* Item.swift */; };
		FCCDBE512766A3230015D919 /* AppDelegate.swift in Sources */ = {isa = PBXBuildFile; fileRef = FCCDBE502766A3230015D919 /* AppDelegate.swift */; };
		FCCDBE532766A3230015D919 /* SceneDelegate.swift in Sources */ = {isa = PBXBuildFile; fileRef = FCCDBE522766A3230015D919 /* SceneDelegate.swift */; };
		FCCDBE552766A3230015D919 /* FavoritesViewController.swift in Sources */ = {isa = PBXBuildFile; fileRef = FCCDBE542766A3230015D919 /* FavoritesViewController.swift */; };
		FCCDBE5A2766A3250015D919 /* Assets.xcassets in Resources */ = {isa = PBXBuildFile; fileRef = FCCDBE592766A3250015D919 /* Assets.xcassets */; };
		FCCDBE5D2766A3250015D919 /* LaunchScreen.storyboard in Resources */ = {isa = PBXBuildFile; fileRef = FCCDBE5B2766A3250015D919 /* LaunchScreen.storyboard */; };
		FCCDBE682766A3250015D919 /* Ozon_2_0Tests.swift in Sources */ = {isa = PBXBuildFile; fileRef = FCCDBE672766A3250015D919 /* Ozon_2_0Tests.swift */; };
		FCCDBE722766A3250015D919 /* Ozon_2_0UITests.swift in Sources */ = {isa = PBXBuildFile; fileRef = FCCDBE712766A3250015D919 /* Ozon_2_0UITests.swift */; };
		FCCDBE742766A3250015D919 /* Ozon_2_0UITestsLaunchTests.swift in Sources */ = {isa = PBXBuildFile; fileRef = FCCDBE732766A3250015D919 /* Ozon_2_0UITestsLaunchTests.swift */; };
/* End PBXBuildFile section */

/* Begin PBXContainerItemProxy section */
		FCCDBE642766A3250015D919 /* PBXContainerItemProxy */ = {
			isa = PBXContainerItemProxy;
			containerPortal = FCCDBE452766A3230015D919 /* Project object */;
			proxyType = 1;
			remoteGlobalIDString = FCCDBE4C2766A3230015D919;
			remoteInfo = Ozon_2.0;
		};
		FCCDBE6E2766A3250015D919 /* PBXContainerItemProxy */ = {
			isa = PBXContainerItemProxy;
			containerPortal = FCCDBE452766A3230015D919 /* Project object */;
			proxyType = 1;
			remoteGlobalIDString = FCCDBE4C2766A3230015D919;
			remoteInfo = Ozon_2.0;
		};
/* End PBXContainerItemProxy section */

/* Begin PBXFileReference section */
		FC4DA690276FDF31009AE0E9 /* CatalogViewController.swift */ = {isa = PBXFileReference; lastKnownFileType = sourcecode.swift; path = CatalogViewController.swift; sourceTree = "<group>"; };
		FC4DA6D627701273009AE0E9 /* HomeAndGardenViewController.swift */ = {isa = PBXFileReference; lastKnownFileType = sourcecode.swift; path = HomeAndGardenViewController.swift; sourceTree = "<group>"; };
		FC83AAA727707FEA0058FDCC /* AuthManager.swift */ = {isa = PBXFileReference; lastKnownFileType = sourcecode.swift; path = AuthManager.swift; sourceTree = "<group>"; };
		FC83AAA9277083FF0058FDCC /* WelcomeViewController.swift */ = {isa = PBXFileReference; lastKnownFileType = sourcecode.swift; path = WelcomeViewController.swift; sourceTree = "<group>"; };
		FC83AAAB27708C3C0058FDCC /* AuthViewController.swift */ = {isa = PBXFileReference; lastKnownFileType = sourcecode.swift; path = AuthViewController.swift; sourceTree = "<group>"; };
		FC83AAAD277091F80058FDCC /* Extensions.swift */ = {isa = PBXFileReference; lastKnownFileType = sourcecode.swift; path = Extensions.swift; sourceTree = "<group>"; };
		FC935702276D5A4B001A3BA0 /* TrashViewController.swift */ = {isa = PBXFileReference; lastKnownFileType = sourcecode.swift; path = TrashViewController.swift; sourceTree = "<group>"; };
		FC935704276D5B14001A3BA0 /* TabBarController.swift */ = {isa = PBXFileReference; lastKnownFileType = sourcecode.swift; path = TabBarController.swift; sourceTree = "<group>"; };
		FC935706276D6235001A3BA0 /* HomeViewController.swift */ = {isa = PBXFileReference; lastKnownFileType = sourcecode.swift; path = HomeViewController.swift; sourceTree = "<group>"; };
		FC935708276D62B1001A3BA0 /* ExpressViewController.swift */ = {isa = PBXFileReference; lastKnownFileType = sourcecode.swift; path = ExpressViewController.swift; sourceTree = "<group>"; };
		FCAC4CFD276D7BFF00638725 /* MyOzonViewController.swift */ = {isa = PBXFileReference; lastKnownFileType = sourcecode.swift; path = MyOzonViewController.swift; sourceTree = "<group>"; };
		FCAC4CFF276D7E7F00638725 /* NewItemCell.swift */ = {isa = PBXFileReference; lastKnownFileType = sourcecode.swift; path = NewItemCell.swift; sourceTree = "<group>"; };
		FCAC4D01276D896F00638725 /* Item.swift */ = {isa = PBXFileReference; lastKnownFileType = sourcecode.swift; path = Item.swift; sourceTree = "<group>"; };
		FCCDBE4D2766A3230015D919 /* Ozon_2.0.app */ = {isa = PBXFileReference; explicitFileType = wrapper.application; includeInIndex = 0; path = Ozon_2.0.app; sourceTree = BUILT_PRODUCTS_DIR; };
		FCCDBE502766A3230015D919 /* AppDelegate.swift */ = {isa = PBXFileReference; lastKnownFileType = sourcecode.swift; path = AppDelegate.swift; sourceTree = "<group>"; };
		FCCDBE522766A3230015D919 /* SceneDelegate.swift */ = {isa = PBXFileReference; lastKnownFileType = sourcecode.swift; path = SceneDelegate.swift; sourceTree = "<group>"; };
		FCCDBE542766A3230015D919 /* FavoritesViewController.swift */ = {isa = PBXFileReference; lastKnownFileType = sourcecode.swift; path = FavoritesViewController.swift; sourceTree = "<group>"; usesTabs = 1; };
		FCCDBE592766A3250015D919 /* Assets.xcassets */ = {isa = PBXFileReference; lastKnownFileType = folder.assetcatalog; path = Assets.xcassets; sourceTree = "<group>"; };
		FCCDBE5C2766A3250015D919 /* Base */ = {isa = PBXFileReference; lastKnownFileType = file.storyboard; name = Base; path = Base.lproj/LaunchScreen.storyboard; sourceTree = "<group>"; };
		FCCDBE5E2766A3250015D919 /* Info.plist */ = {isa = PBXFileReference; lastKnownFileType = text.plist.xml; path = Info.plist; sourceTree = "<group>"; };
		FCCDBE632766A3250015D919 /* Ozon_2.0Tests.xctest */ = {isa = PBXFileReference; explicitFileType = wrapper.cfbundle; includeInIndex = 0; path = Ozon_2.0Tests.xctest; sourceTree = BUILT_PRODUCTS_DIR; };
		FCCDBE672766A3250015D919 /* Ozon_2_0Tests.swift */ = {isa = PBXFileReference; lastKnownFileType = sourcecode.swift; path = Ozon_2_0Tests.swift; sourceTree = "<group>"; };
		FCCDBE6D2766A3250015D919 /* Ozon_2.0UITests.xctest */ = {isa = PBXFileReference; explicitFileType = wrapper.cfbundle; includeInIndex = 0; path = Ozon_2.0UITests.xctest; sourceTree = BUILT_PRODUCTS_DIR; };
		FCCDBE712766A3250015D919 /* Ozon_2_0UITests.swift */ = {isa = PBXFileReference; lastKnownFileType = sourcecode.swift; path = Ozon_2_0UITests.swift; sourceTree = "<group>"; };
		FCCDBE732766A3250015D919 /* Ozon_2_0UITestsLaunchTests.swift */ = {isa = PBXFileReference; lastKnownFileType = sourcecode.swift; path = Ozon_2_0UITestsLaunchTests.swift; sourceTree = "<group>"; };
/* End PBXFileReference section */

/* Begin PBXFrameworksBuildPhase section */
		FCCDBE4A2766A3230015D919 /* Frameworks */ = {
			isa = PBXFrameworksBuildPhase;
			buildActionMask = 2147483647;
			files = (
			);
			runOnlyForDeploymentPostprocessing = 0;
		};
		FCCDBE602766A3250015D919 /* Frameworks */ = {
			isa = PBXFrameworksBuildPhase;
			buildActionMask = 2147483647;
			files = (
			);
			runOnlyForDeploymentPostprocessing = 0;
		};
		FCCDBE6A2766A3250015D919 /* Frameworks */ = {
			isa = PBXFrameworksBuildPhase;
			buildActionMask = 2147483647;
			files = (
			);
			runOnlyForDeploymentPostprocessing = 0;
		};
/* End PBXFrameworksBuildPhase section */

/* Begin PBXGroup section */
		FCCDBE442766A3230015D919 = {
			isa = PBXGroup;
			children = (
				FCCDBE4F2766A3230015D919 /* Ozon_2.0 */,
				FCCDBE662766A3250015D919 /* Ozon_2.0Tests */,
				FCCDBE702766A3250015D919 /* Ozon_2.0UITests */,
				FCCDBE4E2766A3230015D919 /* Products */,
			);
			sourceTree = "<group>";
		};
		FCCDBE4E2766A3230015D919 /* Products */ = {
			isa = PBXGroup;
			children = (
				FCCDBE4D2766A3230015D919 /* Ozon_2.0.app */,
				FCCDBE632766A3250015D919 /* Ozon_2.0Tests.xctest */,
				FCCDBE6D2766A3250015D919 /* Ozon_2.0UITests.xctest */,
			);
			name = Products;
			sourceTree = "<group>";
		};
		FCCDBE4F2766A3230015D919 /* Ozon_2.0 */ = {
			isa = PBXGroup;
			children = (
				FCCDBE502766A3230015D919 /* AppDelegate.swift */,
				FCCDBE522766A3230015D919 /* SceneDelegate.swift */,
				FC83AAA9277083FF0058FDCC /* WelcomeViewController.swift */,
				FC83AAAD277091F80058FDCC /* Extensions.swift */,
				FC935708276D62B1001A3BA0 /* ExpressViewController.swift */,
				FCCDBE542766A3230015D919 /* FavoritesViewController.swift */,
				FCAC4CFF276D7E7F00638725 /* NewItemCell.swift */,
				FCCDBE592766A3250015D919 /* Assets.xcassets */,
				FCAC4CFD276D7BFF00638725 /* MyOzonViewController.swift */,
				FCCDBE5B2766A3250015D919 /* LaunchScreen.storyboard */,
				FCCDBE5E2766A3250015D919 /* Info.plist */,
				FC935702276D5A4B001A3BA0 /* TrashViewController.swift */,
				FC935704276D5B14001A3BA0 /* TabBarController.swift */,
				FC83AAAB27708C3C0058FDCC /* AuthViewController.swift */,
				FC935706276D6235001A3BA0 /* HomeViewController.swift */,
				FC4DA6D627701273009AE0E9 /* HomeAndGardenViewController.swift */,
				FC4DA690276FDF31009AE0E9 /* CatalogViewController.swift */,
				FC83AAA727707FEA0058FDCC /* AuthManager.swift */,
				FCAC4D01276D896F00638725 /* Item.swift */,
			);
			path = Ozon_2.0;
			sourceTree = "<group>";
		};
		FCCDBE662766A3250015D919 /* Ozon_2.0Tests */ = {
			isa = PBXGroup;
			children = (
				FCCDBE672766A3250015D919 /* Ozon_2_0Tests.swift */,
			);
			path = Ozon_2.0Tests;
			sourceTree = "<group>";
		};
		FCCDBE702766A3250015D919 /* Ozon_2.0UITests */ = {
			isa = PBXGroup;
			children = (
				FCCDBE712766A3250015D919 /* Ozon_2_0UITests.swift */,
				FCCDBE732766A3250015D919 /* Ozon_2_0UITestsLaunchTests.swift */,
			);
			path = Ozon_2.0UITests;
			sourceTree = "<group>";
		};
/* End PBXGroup section */

/* Begin PBXNativeTarget section */
		FCCDBE4C2766A3230015D919 /* Ozon_2.0 */ = {
			isa = PBXNativeTarget;
			buildConfigurationList = FCCDBE772766A3250015D919 /* Build configuration list for PBXNativeTarget "Ozon_2.0" */;
			buildPhases = (
				FCCDBE492766A3230015D919 /* Sources */,
				FCCDBE4A2766A3230015D919 /* Frameworks */,
				FCCDBE4B2766A3230015D919 /* Resources */,
			);
			buildRules = (
			);
			dependencies = (
			);
			name = Ozon_2.0;
			productName = Ozon_2.0;
			productReference = FCCDBE4D2766A3230015D919 /* Ozon_2.0.app */;
			productType = "com.apple.product-type.application";
		};
		FCCDBE622766A3250015D919 /* Ozon_2.0Tests */ = {
			isa = PBXNativeTarget;
			buildConfigurationList = FCCDBE7A2766A3250015D919 /* Build configuration list for PBXNativeTarget "Ozon_2.0Tests" */;
			buildPhases = (
				FCCDBE5F2766A3250015D919 /* Sources */,
				FCCDBE602766A3250015D919 /* Frameworks */,
				FCCDBE612766A3250015D919 /* Resources */,
			);
			buildRules = (
			);
			dependencies = (
				FCCDBE652766A3250015D919 /* PBXTargetDependency */,
			);
			name = Ozon_2.0Tests;
			productName = Ozon_2.0Tests;
			productReference = FCCDBE632766A3250015D919 /* Ozon_2.0Tests.xctest */;
			productType = "com.apple.product-type.bundle.unit-test";
		};
		FCCDBE6C2766A3250015D919 /* Ozon_2.0UITests */ = {
			isa = PBXNativeTarget;
			buildConfigurationList = FCCDBE7D2766A3250015D919 /* Build configuration list for PBXNativeTarget "Ozon_2.0UITests" */;
			buildPhases = (
				FCCDBE692766A3250015D919 /* Sources */,
				FCCDBE6A2766A3250015D919 /* Frameworks */,
				FCCDBE6B2766A3250015D919 /* Resources */,
			);
			buildRules = (
			);
			dependencies = (
				FCCDBE6F2766A3250015D919 /* PBXTargetDependency */,
			);
			name = Ozon_2.0UITests;
			productName = Ozon_2.0UITests;
			productReference = FCCDBE6D2766A3250015D919 /* Ozon_2.0UITests.xctest */;
			productType = "com.apple.product-type.bundle.ui-testing";
		};
/* End PBXNativeTarget section */

/* Begin PBXProject section */
		FCCDBE452766A3230015D919 /* Project object */ = {
			isa = PBXProject;
			attributes = {
				BuildIndependentTargetsInParallel = 1;
				LastSwiftUpdateCheck = 1310;
				LastUpgradeCheck = 1310;
				TargetAttributes = {
					FCCDBE4C2766A3230015D919 = {
						CreatedOnToolsVersion = 13.1;
					};
					FCCDBE622766A3250015D919 = {
						CreatedOnToolsVersion = 13.1;
						TestTargetID = FCCDBE4C2766A3230015D919;
					};
					FCCDBE6C2766A3250015D919 = {
						CreatedOnToolsVersion = 13.1;
						TestTargetID = FCCDBE4C2766A3230015D919;
					};
				};
			};
			buildConfigurationList = FCCDBE482766A3230015D919 /* Build configuration list for PBXProject "Ozon_2.0" */;
			compatibilityVersion = "Xcode 13.0";
			developmentRegion = en;
			hasScannedForEncodings = 0;
			knownRegions = (
				en,
				Base,
			);
			mainGroup = FCCDBE442766A3230015D919;
			productRefGroup = FCCDBE4E2766A3230015D919 /* Products */;
			projectDirPath = "";
			projectRoot = "";
			targets = (
				FCCDBE4C2766A3230015D919 /* Ozon_2.0 */,
				FCCDBE622766A3250015D919 /* Ozon_2.0Tests */,
				FCCDBE6C2766A3250015D919 /* Ozon_2.0UITests */,
			);
		};
/* End PBXProject section */

/* Begin PBXResourcesBuildPhase section */
		FCCDBE4B2766A3230015D919 /* Resources */ = {
			isa = PBXResourcesBuildPhase;
			buildActionMask = 2147483647;
			files = (
				FCCDBE5D2766A3250015D919 /* LaunchScreen.storyboard in Resources */,
				FCCDBE5A2766A3250015D919 /* Assets.xcassets in Resources */,
			);
			runOnlyForDeploymentPostprocessing = 0;
		};
		FCCDBE612766A3250015D919 /* Resources */ = {
			isa = PBXResourcesBuildPhase;
			buildActionMask = 2147483647;
			files = (
			);
			runOnlyForDeploymentPostprocessing = 0;
		};
		FCCDBE6B2766A3250015D919 /* Resources */ = {
			isa = PBXResourcesBuildPhase;
			buildActionMask = 2147483647;
			files = (
			);
			runOnlyForDeploymentPostprocessing = 0;
		};
/* End PBXResourcesBuildPhase section */

/* Begin PBXSourcesBuildPhase section */
		FCCDBE492766A3230015D919 /* Sources */ = {
			isa = PBXSourcesBuildPhase;
			buildActionMask = 2147483647;
			files = (
				FC4DA6D727701273009AE0E9 /* HomeAndGardenViewController.swift in Sources */,
				FCAC4D02276D896F00638725 /* Item.swift in Sources */,
				FC4DA691276FDF31009AE0E9 /* CatalogViewController.swift in Sources */,
				FC83AAA827707FEA0058FDCC /* AuthManager.swift in Sources */,
				FCAC4CFE276D7BFF00638725 /* MyOzonViewController.swift in Sources */,
				FCCDBE552766A3230015D919 /* FavoritesViewController.swift in Sources */,
				FCCDBE512766A3230015D919 /* AppDelegate.swift in Sources */,
				FC83AAAC27708C3C0058FDCC /* AuthViewController.swift in Sources */,
				FCCDBE532766A3230015D919 /* SceneDelegate.swift in Sources */,
				FC935709276D62B1001A3BA0 /* ExpressViewController.swift in Sources */,
				FCAC4D00276D7E7F00638725 /* NewItemCell.swift in Sources */,
				FC83AAAE277091F80058FDCC /* Extensions.swift in Sources */,
				FC935705276D5B14001A3BA0 /* TabBarController.swift in Sources */,
				FC935703276D5A4B001A3BA0 /* TrashViewController.swift in Sources */,
				FC935707276D6235001A3BA0 /* HomeViewController.swift in Sources */,
				FC83AAAA277083FF0058FDCC /* WelcomeViewController.swift in Sources */,
			);
			runOnlyForDeploymentPostprocessing = 0;
		};
		FCCDBE5F2766A3250015D919 /* Sources */ = {
			isa = PBXSourcesBuildPhase;
			buildActionMask = 2147483647;
			files = (
				FCCDBE682766A3250015D919 /* Ozon_2_0Tests.swift in Sources */,
			);
			runOnlyForDeploymentPostprocessing = 0;
		};
		FCCDBE692766A3250015D919 /* Sources */ = {
			isa = PBXSourcesBuildPhase;
			buildActionMask = 2147483647;
			files = (
				FCCDBE742766A3250015D919 /* Ozon_2_0UITestsLaunchTests.swift in Sources */,
				FCCDBE722766A3250015D919 /* Ozon_2_0UITests.swift in Sources */,
			);
			runOnlyForDeploymentPostprocessing = 0;
		};
/* End PBXSourcesBuildPhase section */

/* Begin PBXTargetDependency section */
		FCCDBE652766A3250015D919 /* PBXTargetDependency */ = {
			isa = PBXTargetDependency;
			target = FCCDBE4C2766A3230015D919 /* Ozon_2.0 */;
			targetProxy = FCCDBE642766A3250015D919 /* PBXContainerItemProxy */;
		};
		FCCDBE6F2766A3250015D919 /* PBXTargetDependency */ = {
			isa = PBXTargetDependency;
			target = FCCDBE4C2766A3230015D919 /* Ozon_2.0 */;
			targetProxy = FCCDBE6E2766A3250015D919 /* PBXContainerItemProxy */;
		};
/* End PBXTargetDependency section */

/* Begin PBXVariantGroup section */
		FCCDBE5B2766A3250015D919 /* LaunchScreen.storyboard */ = {
			isa = PBXVariantGroup;
			children = (
				FCCDBE5C2766A3250015D919 /* Base */,
			);
			name = LaunchScreen.storyboard;
			sourceTree = "<group>";
		};
/* End PBXVariantGroup section */

/* Begin XCBuildConfiguration section */
		FCCDBE752766A3250015D919 /* Debug */ = {
			isa = XCBuildConfiguration;
			buildSettings = {
				ALWAYS_SEARCH_USER_PATHS = NO;
				CLANG_ANALYZER_NONNULL = YES;
				CLANG_ANALYZER_NUMBER_OBJECT_CONVERSION = YES_AGGRESSIVE;
				CLANG_CXX_LANGUAGE_STANDARD = "gnu++17";
				CLANG_CXX_LIBRARY = "libc++";
				CLANG_ENABLE_MODULES = YES;
				CLANG_ENABLE_OBJC_ARC = YES;
				CLANG_ENABLE_OBJC_WEAK = YES;
				CLANG_WARN_BLOCK_CAPTURE_AUTORELEASING = YES;
				CLANG_WARN_BOOL_CONVERSION = YES;
				CLANG_WARN_COMMA = YES;
				CLANG_WARN_CONSTANT_CONVERSION = YES;
				CLANG_WARN_DEPRECATED_OBJC_IMPLEMENTATIONS = YES;
				CLANG_WARN_DIRECT_OBJC_ISA_USAGE = YES_ERROR;
				CLANG_WARN_DOCUMENTATION_COMMENTS = YES;
				CLANG_WARN_EMPTY_BODY = YES;
				CLANG_WARN_ENUM_CONVERSION = YES;
				CLANG_WARN_INFINITE_RECURSION = YES;
				CLANG_WARN_INT_CONVERSION = YES;
				CLANG_WARN_NON_LITERAL_NULL_CONVERSION = YES;
				CLANG_WARN_OBJC_IMPLICIT_RETAIN_SELF = YES;
				CLANG_WARN_OBJC_LITERAL_CONVERSION = YES;
				CLANG_WARN_OBJC_ROOT_CLASS = YES_ERROR;
				CLANG_WARN_QUOTED_INCLUDE_IN_FRAMEWORK_HEADER = YES;
				CLANG_WARN_RANGE_LOOP_ANALYSIS = YES;
				CLANG_WARN_STRICT_PROTOTYPES = YES;
				CLANG_WARN_SUSPICIOUS_MOVE = YES;
				CLANG_WARN_UNGUARDED_AVAILABILITY = YES_AGGRESSIVE;
				CLANG_WARN_UNREACHABLE_CODE = YES;
				CLANG_WARN__DUPLICATE_METHOD_MATCH = YES;
				COPY_PHASE_STRIP = NO;
				DEBUG_INFORMATION_FORMAT = dwarf;
				ENABLE_STRICT_OBJC_MSGSEND = YES;
				ENABLE_TESTABILITY = YES;
				GCC_C_LANGUAGE_STANDARD = gnu11;
				GCC_DYNAMIC_NO_PIC = NO;
				GCC_NO_COMMON_BLOCKS = YES;
				GCC_OPTIMIZATION_LEVEL = 0;
				GCC_PREPROCESSOR_DEFINITIONS = (
					"DEBUG=1",
					"$(inherited)",
				);
				GCC_WARN_64_TO_32_BIT_CONVERSION = YES;
				GCC_WARN_ABOUT_RETURN_TYPE = YES_ERROR;
				GCC_WARN_UNDECLARED_SELECTOR = YES;
				GCC_WARN_UNINITIALIZED_AUTOS = YES_AGGRESSIVE;
				GCC_WARN_UNUSED_FUNCTION = YES;
				GCC_WARN_UNUSED_VARIABLE = YES;
				IPHONEOS_DEPLOYMENT_TARGET = 15.0;
				MTL_ENABLE_DEBUG_INFO = INCLUDE_SOURCE;
				MTL_FAST_MATH = YES;
				ONLY_ACTIVE_ARCH = YES;
				SDKROOT = iphoneos;
				SWIFT_ACTIVE_COMPILATION_CONDITIONS = DEBUG;
				SWIFT_OPTIMIZATION_LEVEL = "-Onone";
			};
			name = Debug;
		};
		FCCDBE762766A3250015D919 /* Release */ = {
			isa = XCBuildConfiguration;
			buildSettings = {
				ALWAYS_SEARCH_USER_PATHS = NO;
				CLANG_ANALYZER_NONNULL = YES;
				CLANG_ANALYZER_NUMBER_OBJECT_CONVERSION = YES_AGGRESSIVE;
				CLANG_CXX_LANGUAGE_STANDARD = "gnu++17";
				CLANG_CXX_LIBRARY = "libc++";
				CLANG_ENABLE_MODULES = YES;
				CLANG_ENABLE_OBJC_ARC = YES;
				CLANG_ENABLE_OBJC_WEAK = YES;
				CLANG_WARN_BLOCK_CAPTURE_AUTORELEASING = YES;
				CLANG_WARN_BOOL_CONVERSION = YES;
				CLANG_WARN_COMMA = YES;
				CLANG_WARN_CONSTANT_CONVERSION = YES;
				CLANG_WARN_DEPRECATED_OBJC_IMPLEMENTATIONS = YES;
				CLANG_WARN_DIRECT_OBJC_ISA_USAGE = YES_ERROR;
				CLANG_WARN_DOCUMENTATION_COMMENTS = YES;
				CLANG_WARN_EMPTY_BODY = YES;
				CLANG_WARN_ENUM_CONVERSION = YES;
				CLANG_WARN_INFINITE_RECURSION = YES;
				CLANG_WARN_INT_CONVERSION = YES;
				CLANG_WARN_NON_LITERAL_NULL_CONVERSION = YES;
				CLANG_WARN_OBJC_IMPLICIT_RETAIN_SELF = YES;
				CLANG_WARN_OBJC_LITERAL_CONVERSION = YES;
				CLANG_WARN_OBJC_ROOT_CLASS = YES_ERROR;
				CLANG_WARN_QUOTED_INCLUDE_IN_FRAMEWORK_HEADER = YES;
				CLANG_WARN_RANGE_LOOP_ANALYSIS = YES;
				CLANG_WARN_STRICT_PROTOTYPES = YES;
				CLANG_WARN_SUSPICIOUS_MOVE = YES;
				CLANG_WARN_UNGUARDED_AVAILABILITY = YES_AGGRESSIVE;
				CLANG_WARN_UNREACHABLE_CODE = YES;
				CLANG_WARN__DUPLICATE_METHOD_MATCH = YES;
				COPY_PHASE_STRIP = NO;
				DEBUG_INFORMATION_FORMAT = "dwarf-with-dsym";
				ENABLE_NS_ASSERTIONS = NO;
				ENABLE_STRICT_OBJC_MSGSEND = YES;
				GCC_C_LANGUAGE_STANDARD = gnu11;
				GCC_NO_COMMON_BLOCKS = YES;
				GCC_WARN_64_TO_32_BIT_CONVERSION = YES;
				GCC_WARN_ABOUT_RETURN_TYPE = YES_ERROR;
				GCC_WARN_UNDECLARED_SELECTOR = YES;
				GCC_WARN_UNINITIALIZED_AUTOS = YES_AGGRESSIVE;
				GCC_WARN_UNUSED_FUNCTION = YES;
				GCC_WARN_UNUSED_VARIABLE = YES;
				IPHONEOS_DEPLOYMENT_TARGET = 15.0;
				MTL_ENABLE_DEBUG_INFO = NO;
				MTL_FAST_MATH = YES;
				SDKROOT = iphoneos;
				SWIFT_COMPILATION_MODE = wholemodule;
				SWIFT_OPTIMIZATION_LEVEL = "-O";
				VALIDATE_PRODUCT = YES;
			};
			name = Release;
		};
		FCCDBE782766A3250015D919 /* Debug */ = {
			isa = XCBuildConfiguration;
			buildSettings = {
				ASSETCATALOG_COMPILER_APPICON_NAME = AppIcon;
				ASSETCATALOG_COMPILER_GLOBAL_ACCENT_COLOR_NAME = AccentColor;
				CODE_SIGN_STYLE = Automatic;
				CURRENT_PROJECT_VERSION = 1;
				GENERATE_INFOPLIST_FILE = YES;
				INFOPLIST_FILE = Ozon_2.0/Info.plist;
				INFOPLIST_KEY_UIApplicationSupportsIndirectInputEvents = YES;
				INFOPLIST_KEY_UILaunchStoryboardName = LaunchScreen;
				INFOPLIST_KEY_UISupportedInterfaceOrientations_iPad = "UIInterfaceOrientationPortrait UIInterfaceOrientationPortraitUpsideDown UIInterfaceOrientationLandscapeLeft UIInterfaceOrientationLandscapeRight";
				INFOPLIST_KEY_UISupportedInterfaceOrientations_iPhone = "UIInterfaceOrientationPortrait UIInterfaceOrientationLandscapeLeft UIInterfaceOrientationLandscapeRight";
				LD_RUNPATH_SEARCH_PATHS = (
					"$(inherited)",
					"@executable_path/Frameworks",
				);
				MARKETING_VERSION = 1.0;
				PRODUCT_BUNDLE_IDENTIFIER = "-.Ozon-2-0";
				PRODUCT_NAME = "$(TARGET_NAME)";
				SWIFT_EMIT_LOC_STRINGS = YES;
				SWIFT_VERSION = 5.0;
				TARGETED_DEVICE_FAMILY = 1;
			};
			name = Debug;
		};
		FCCDBE792766A3250015D919 /* Release */ = {
			isa = XCBuildConfiguration;
			buildSettings = {
				ASSETCATALOG_COMPILER_APPICON_NAME = AppIcon;
				ASSETCATALOG_COMPILER_GLOBAL_ACCENT_COLOR_NAME = AccentColor;
				CODE_SIGN_STYLE = Automatic;
				CURRENT_PROJECT_VERSION = 1;
				GENERATE_INFOPLIST_FILE = YES;
				INFOPLIST_FILE = Ozon_2.0/Info.plist;
				INFOPLIST_KEY_UIApplicationSupportsIndirectInputEvents = YES;
				INFOPLIST_KEY_UILaunchStoryboardName = LaunchScreen;
				INFOPLIST_KEY_UISupportedInterfaceOrientations_iPad = "UIInterfaceOrientationPortrait UIInterfaceOrientationPortraitUpsideDown UIInterfaceOrientationLandscapeLeft UIInterfaceOrientationLandscapeRight";
				INFOPLIST_KEY_UISupportedInterfaceOrientations_iPhone = "UIInterfaceOrientationPortrait UIInterfaceOrientationLandscapeLeft UIInterfaceOrientationLandscapeRight";
				LD_RUNPATH_SEARCH_PATHS = (
					"$(inherited)",
					"@executable_path/Frameworks",
				);
				MARKETING_VERSION = 1.0;
				PRODUCT_BUNDLE_IDENTIFIER = "-.Ozon-2-0";
				PRODUCT_NAME = "$(TARGET_NAME)";
				SWIFT_EMIT_LOC_STRINGS = YES;
				SWIFT_VERSION = 5.0;
				TARGETED_DEVICE_FAMILY = 1;
			};
			name = Release;
		};
		FCCDBE7B2766A3250015D919 /* Debug */ = {
			isa = XCBuildConfiguration;
			buildSettings = {
				ALWAYS_EMBED_SWIFT_STANDARD_LIBRARIES = YES;
				BUNDLE_LOADER = "$(TEST_HOST)";
				CODE_SIGN_STYLE = Automatic;
				CURRENT_PROJECT_VERSION = 1;
				GENERATE_INFOPLIST_FILE = YES;
				IPHONEOS_DEPLOYMENT_TARGET = 15.0;
				LD_RUNPATH_SEARCH_PATHS = (
					"$(inherited)",
					"@executable_path/Frameworks",
					"@loader_path/Frameworks",
				);
				MARKETING_VERSION = 1.0;
				PRODUCT_BUNDLE_IDENTIFIER = "-.Ozon-2-0Tests";
				PRODUCT_NAME = "$(TARGET_NAME)";
				SWIFT_EMIT_LOC_STRINGS = NO;
				SWIFT_VERSION = 5.0;
				TARGETED_DEVICE_FAMILY = "1,2";
				TEST_HOST = "$(BUILT_PRODUCTS_DIR)/Ozon_2.0.app/Ozon_2.0";
			};
			name = Debug;
		};
		FCCDBE7C2766A3250015D919 /* Release */ = {
			isa = XCBuildConfiguration;
			buildSettings = {
				ALWAYS_EMBED_SWIFT_STANDARD_LIBRARIES = YES;
				BUNDLE_LOADER = "$(TEST_HOST)";
				CODE_SIGN_STYLE = Automatic;
				CURRENT_PROJECT_VERSION = 1;
				GENERATE_INFOPLIST_FILE = YES;
				IPHONEOS_DEPLOYMENT_TARGET = 15.0;
				LD_RUNPATH_SEARCH_PATHS = (
					"$(inherited)",
					"@executable_path/Frameworks",
					"@loader_path/Frameworks",
				);
				MARKETING_VERSION = 1.0;
				PRODUCT_BUNDLE_IDENTIFIER = "-.Ozon-2-0Tests";
				PRODUCT_NAME = "$(TARGET_NAME)";
				SWIFT_EMIT_LOC_STRINGS = NO;
				SWIFT_VERSION = 5.0;
				TARGETED_DEVICE_FAMILY = "1,2";
				TEST_HOST = "$(BUILT_PRODUCTS_DIR)/Ozon_2.0.app/Ozon_2.0";
			};
			name = Release;
		};
		FCCDBE7E2766A3250015D919 /* Debug */ = {
			isa = XCBuildConfiguration;
			buildSettings = {
				ALWAYS_EMBED_SWIFT_STANDARD_LIBRARIES = YES;
				CODE_SIGN_STYLE = Automatic;
				CURRENT_PROJECT_VERSION = 1;
				GENERATE_INFOPLIST_FILE = YES;
				LD_RUNPATH_SEARCH_PATHS = (
					"$(inherited)",
					"@executable_path/Frameworks",
					"@loader_path/Frameworks",
				);
				MARKETING_VERSION = 1.0;
				PRODUCT_BUNDLE_IDENTIFIER = "-.Ozon-2-0UITests";
				PRODUCT_NAME = "$(TARGET_NAME)";
				SWIFT_EMIT_LOC_STRINGS = NO;
				SWIFT_VERSION = 5.0;
				TARGETED_DEVICE_FAMILY = "1,2";
				TEST_TARGET_NAME = Ozon_2.0;
			};
			name = Debug;
		};
		FCCDBE7F2766A3250015D919 /* Release */ = {
			isa = XCBuildConfiguration;
			buildSettings = {
				ALWAYS_EMBED_SWIFT_STANDARD_LIBRARIES = YES;
				CODE_SIGN_STYLE = Automatic;
				CURRENT_PROJECT_VERSION = 1;
				GENERATE_INFOPLIST_FILE = YES;
				LD_RUNPATH_SEARCH_PATHS = (
					"$(inherited)",
					"@executable_path/Frameworks",
					"@loader_path/Frameworks",
				);
				MARKETING_VERSION = 1.0;
				PRODUCT_BUNDLE_IDENTIFIER = "-.Ozon-2-0UITests";
				PRODUCT_NAME = "$(TARGET_NAME)";
				SWIFT_EMIT_LOC_STRINGS = NO;
				SWIFT_VERSION = 5.0;
				TARGETED_DEVICE_FAMILY = "1,2";
				TEST_TARGET_NAME = Ozon_2.0;
			};
			name = Release;
		};
/* End XCBuildConfiguration section */

/* Begin XCConfigurationList section */
		FCCDBE482766A3230015D919 /* Build configuration list for PBXProject "Ozon_2.0" */ = {
			isa = XCConfigurationList;
			buildConfigurations = (
				FCCDBE752766A3250015D919 /* Debug */,
				FCCDBE762766A3250015D919 /* Release */,
			);
			defaultConfigurationIsVisible = 0;
			defaultConfigurationName = Release;
		};
		FCCDBE772766A3250015D919 /* Build configuration list for PBXNativeTarget "Ozon_2.0" */ = {
			isa = XCConfigurationList;
			buildConfigurations = (
				FCCDBE782766A3250015D919 /* Debug */,
				FCCDBE792766A3250015D919 /* Release */,
			);
			defaultConfigurationIsVisible = 0;
			defaultConfigurationName = Release;
		};
		FCCDBE7A2766A3250015D919 /* Build configuration list for PBXNativeTarget "Ozon_2.0Tests" */ = {
			isa = XCConfigurationList;
			buildConfigurations = (
				FCCDBE7B2766A3250015D919 /* Debug */,
				FCCDBE7C2766A3250015D919 /* Release */,
			);
			defaultConfigurationIsVisible = 0;
			defaultConfigurationName = Release;
		};
		FCCDBE7D2766A3250015D919 /* Build configuration list for PBXNativeTarget "Ozon_2.0UITests" */ = {
			isa = XCConfigurationList;
			buildConfigurations = (
				FCCDBE7E2766A3250015D919 /* Debug */,
				FCCDBE7F2766A3250015D919 /* Release */,
			);
			defaultConfigurationIsVisible = 0;
			defaultConfigurationName = Release;
		};
/* End XCConfigurationList section */
	};
	rootObject = FCCDBE452766A3230015D919 /* Project object */;
}
